Microsoft Visual Studio Solution File, Format Version 12.00
# Visual Studio Version 17
VisualStudioVersion = 17.5.2.0
MinimumVisualStudioVersion = 10.0.40219.1
Project("{2150E333-8FDC-42A3-9474-1A3956D46DE8}") = "Ejercicio1", "Ejercicio1", "{BE104D06-EF53-FCCF-F846-DCFEF7961B00}"
EndProject
Project("{FAE04EC0-301F-11D3-BF4B-00C04F79EFBC}") = "Servidor", "Ejercicio1\Servidor\Servidor.csproj", "{DE4059B6-4AB5-3B72-E30F-1378A17752D5}"
EndProject
Global
	GlobalSection(SolutionConfigurationPlatforms) = preSolution
		Debug|Any CPU = Debug|Any CPU
		Release|Any CPU = Release|Any CPU
	EndGlobalSection
	GlobalSection(ProjectConfigurationPlatforms) = postSolution
		{DE4059B6-4AB5-3B72-E30F-1378A17752D5}.Debug|Any CPU.ActiveCfg = Debug|Any CPU
		{DE4059B6-4AB5-3B72-E30F-1378A17752D5}.Debug|Any CPU.Build.0 = Debug|Any CPU
		{DE4059B6-4AB5-3B72-E30F-1378A17752D5}.Release|Any CPU.ActiveCfg = Release|Any CPU
		{DE4059B6-4AB5-3B72-E30F-1378A17752D5}.Release|Any CPU.Build.0 = Release|Any CPU
	EndGlobalSection
	GlobalSection(SolutionProperties) = preSolution
		HideSolutionNode = FALSE
	EndGlobalSection
	GlobalSection(NestedProjects) = preSolution
		{DE4059B6-4AB5-3B72-E30F-1378A17752D5} = {BE104D06-EF53-FCCF-F846-DCFEF7961B00}
	EndGlobalSection
	GlobalSection(ExtensibilityGlobals) = postSolution
		SolutionGuid = {251D0467-1426-4927-BA63-6BA7C835E347}
	EndGlobalSection
EndGlobal
